
Microsoft Visual Studio Solution File, Format Version 12.00
# Visual Studio Version 17
VisualStudioVersion = 17.7.34221.43
MinimumVisualStudioVersion = 10.0.40219.1
Project("{FAE04EC0-301F-11D3-BF4B-00C04F79EFBC}") = "UEMS_VIew_Dossiers", "UEMS_VIew_Dossiers\UEMS_VIew_Dossiers.csproj", "{8A2A5C14-B1B3-4488-9AB7-26FAB75A3893}"
EndProject
Global
	GlobalSection(SolutionConfigurationPlatforms) = preSolution
		Debug|Any CPU = Debug|Any CPU
		Release|Any CPU = Release|Any CPU
	EndGlobalSection
	GlobalSection(ProjectConfigurationPlatforms) = postSolution
		{8A2A5C14-B1B3-4488-9AB7-26FAB75A3893}.Debug|Any CPU.ActiveCfg = Debug|Any CPU
		{8A2A5C14-B1B3-4488-9AB7-26FAB75A3893}.Debug|Any CPU.Build.0 = Debug|Any CPU
		{8A2A5C14-B1B3-4488-9AB7-26FAB75A3893}.Release|Any CPU.ActiveCfg = Release|Any CPU
		{8A2A5C14-B1B3-4488-9AB7-26FAB75A3893}.Release|Any CPU.Build.0 = Release|Any CPU
	EndGlobalSection
	GlobalSection(SolutionProperties) = preSolution
		HideSolutionNode = FALSE
	EndGlobalSection
	GlobalSection(ExtensibilityGlobals) = postSolution
		SolutionGuid = {780F8D91-575E-4D29-A7EC-28691D37976D}
	EndGlobalSection
EndGlobal
